
Microsoft Visual Studio Solution File, Format Version 12.00
# Visual Studio Version 17
VisualStudioVersion = 17.1.32421.90
MinimumVisualStudioVersion = 10.0.40219.1
Project("{FAE04EC0-301F-11D3-BF4B-00C04F79EFBC}") = "TripLog.UWP", "TripLog\TripLog.UWP\TripLog.UWP.csproj", "{74F8A01E-8D96-406D-8FF1-EC6E9BC9841C}"
EndProject
Project("{FAE04EC0-301F-11D3-BF4B-00C04F79EFBC}") = "TripLog.Android", "TripLog\TripLog.Android\TripLog.Android.csproj", "{703AF593-5F3B-4830-8E06-E27ED375261E}"
EndProject
Project("{FAE04EC0-301F-11D3-BF4B-00C04F79EFBC}") = "TripLog.iOS", "TripLog\TripLog.iOS\TripLog.iOS.csproj", "{751A515A-4FD6-4828-B5C8-E212F40DD8A7}"
EndProject
Project("{FAE04EC0-301F-11D3-BF4B-00C04F79EFBC}") = "TripLog", "TripLog\TripLog\TripLog.csproj", "{B1707ACA-B1DB-42E8-AE91-87BEE92BF68E}"
EndProject
Global
	GlobalSection(SolutionConfigurationPlatforms) = preSolution
		Debug|Any CPU = Debug|Any CPU
		Debug|ARM = Debug|ARM
		Debug|iPhone = Debug|iPhone
		Debug|iPhoneSimulator = Debug|iPhoneSimulator
		Debug|x64 = Debug|x64
		Debug|x86 = Debug|x86
		Release|Any CPU = Release|Any CPU
		Release|ARM = Release|ARM
		Release|iPhone = Release|iPhone
		Release|iPhoneSimulator = Release|iPhoneSimulator
		Release|x64 = Release|x64
		Release|x86 = Release|x86
	EndGlobalSection
	GlobalSection(ProjectConfigurationPlatforms) = postSolution
		{74F8A01E-8D96-406D-8FF1-EC6E9BC9841C}.Debug|Any CPU.ActiveCfg = Debug|x64
		{74F8A01E-8D96-406D-8FF1-EC6E9BC9841C}.Debug|Any CPU.Build.0 = Debug|x64
		{74F8A01E-8D96-406D-8FF1-EC6E9BC9841C}.Debug|Any CPU.Deploy.0 = Debug|x64
		{74F8A01E-8D96-406D-8FF1-EC6E9BC9841C}.Debug|ARM.ActiveCfg = Debug|ARM
		{74F8A01E-8D96-406D-8FF1-EC6E9BC9841C}.Debug|ARM.Build.0 = Debug|ARM
		{74F8A01E-8D96-406D-8FF1-EC6E9BC9841C}.Debug|ARM.Deploy.0 = Debug|ARM
		{74F8A01E-8D96-406D-8FF1-EC6E9BC9841C}.Debug|iPhone.ActiveCfg = Debug|x64
		{74F8A01E-8D96-406D-8FF1-EC6E9BC9841C}.Debug|iPhone.Build.0 = Debug|x64
		{74F8A01E-8D96-406D-8FF1-EC6E9BC9841C}.Debug|iPhone.Deploy.0 = Debug|x64
		{74F8A01E-8D96-406D-8FF1-EC6E9BC9841C}.Debug|iPhoneSimulator.ActiveCfg = Debug|x64
		{74F8A01E-8D96-406D-8FF1-EC6E9BC9841C}.Debug|iPhoneSimulator.Build.0 = Debug|x64
		{74F8A01E-8D96-406D-8FF1-EC6E9BC9841C}.Debug|iPhoneSimulator.Deploy.0 = Debug|x64
		{74F8A01E-8D96-406D-8FF1-EC6E9BC9841C}.Debug|x64.ActiveCfg = Debug|x64
		{74F8A01E-8D96-406D-8FF1-EC6E9BC9841C}.Debug|x64.Build.0 = Debug|x64
		{74F8A01E-8D96-406D-8FF1-EC6E9BC9841C}.Debug|x64.Deploy.0 = Debug|x64
		{74F8A01E-8D96-406D-8FF1-EC6E9BC9841C}.Debug|x86.ActiveCfg = Debug|x86
		{74F8A01E-8D96-406D-8FF1-EC6E9BC9841C}.Debug|x86.Build.0 = Debug|x86
		{74F8A01E-8D96-406D-8FF1-EC6E9BC9841C}.Debug|x86.Deploy.0 = Debug|x86
		{74F8A01E-8D96-406D-8FF1-EC6E9BC9841C}.Release|Any CPU.ActiveCfg = Release|x64
		{74F8A01E-8D96-406D-8FF1-EC6E9BC9841C}.Release|Any CPU.Build.0 = Release|x64
		{74F8A01E-8D96-406D-8FF1-EC6E9BC9841C}.Release|Any CPU.Deploy.0 = Release|x64
		{74F8A01E-8D96-406D-8FF1-EC6E9BC9841C}.Release|ARM.ActiveCfg = Release|ARM
		{74F8A01E-8D96-406D-8FF1-EC6E9BC9841C}.Release|ARM.Build.0 = Release|ARM
		{74F8A01E-8D96-406D-8FF1-EC6E9BC9841C}.Release|ARM.Deploy.0 = Release|ARM
		{74F8A01E-8D96-406D-8FF1-EC6E9BC9841C}.Release|iPhone.ActiveCfg = Release|x64
		{74F8A01E-8D96-406D-8FF1-EC6E9BC9841C}.Release|iPhone.Build.0 = Release|x64
		{74F8A01E-8D96-406D-8FF1-EC6E9BC9841C}.Release|iPhone.Deploy.0 = Release|x64
		{74F8A01E-8D96-406D-8FF1-EC6E9BC9841C}.Release|iPhoneSimulator.ActiveCfg = Release|x64
		{74F8A01E-8D96-406D-8FF1-EC6E9BC9841C}.Release|iPhoneSimulator.Build.0 = Release|x64
		{74F8A01E-8D96-406D-8FF1-EC6E9BC9841C}.Release|iPhoneSimulator.Deploy.0 = Release|x64
		{74F8A01E-8D96-406D-8FF1-EC6E9BC9841C}.Release|x64.ActiveCfg = Release|x64
		{74F8A01E-8D96-406D-8FF1-EC6E9BC9841C}.Release|x64.Build.0 = Release|x64
		{74F8A01E-8D96-406D-8FF1-EC6E9BC9841C}.Release|x64.Deploy.0 = Release|x64
		{74F8A01E-8D96-406D-8FF1-EC6E9BC9841C}.Release|x86.ActiveCfg = Release|x86
		{74F8A01E-8D96-406D-8FF1-EC6E9BC9841C}.Release|x86.Build.0 = Release|x86
		{74F8A01E-8D96-406D-8FF1-EC6E9BC9841C}.Release|x86.Deploy.0 = Release|x86
		{703AF593-5F3B-4830-8E06-E27ED375261E}.Debug|Any CPU.ActiveCfg = Debug|Any CPU
		{703AF593-5F3B-4830-8E06-E27ED375261E}.Debug|Any CPU.Build.0 = Debug|Any CPU
		{703AF593-5F3B-4830-8E06-E27ED375261E}.Debug|Any CPU.Deploy.0 = Debug|Any CPU
		{703AF593-5F3B-4830-8E06-E27ED375261E}.Debug|ARM.ActiveCfg = Debug|Any CPU
		{703AF593-5F3B-4830-8E06-E27ED375261E}.Debug|ARM.Build.0 = Debug|Any CPU
		{703AF593-5F3B-4830-8E06-E27ED375261E}.Debug|ARM.Deploy.0 = Debug|Any CPU
		{703AF593-5F3B-4830-8E06-E27ED375261E}.Debug|iPhone.ActiveCfg = Debug|Any CPU
		{703AF593-5F3B-4830-8E06-E27ED375261E}.Debug|iPhone.Build.0 = Debug|Any CPU
		{703AF593-5F3B-4830-8E06-E27ED375261E}.Debug|iPhone.Deploy.0 = Debug|Any CPU
		{703AF593-5F3B-4830-8E06-E27ED375261E}.Debug|iPhoneSimulator.ActiveCfg = Debug|Any CPU
		{703AF593-5F3B-4830-8E06-E27ED375261E}.Debug|iPhoneSimulator.Build.0 = Debug|Any CPU
		{703AF593-5F3B-4830-8E06-E27ED375261E}.Debug|iPhoneSimulator.Deploy.0 = Debug|Any CPU
		{703AF593-5F3B-4830-8E06-E27ED375261E}.Debug|x64.ActiveCfg = Debug|Any CPU
		{703AF593-5F3B-4830-8E06-E27ED375261E}.Debug|x64.Build.0 = Debug|Any CPU
		{703AF593-5F3B-4830-8E06-E27ED375261E}.Debug|x64.Deploy.0 = Debug|Any CPU
		{703AF593-5F3B-4830-8E06-E27ED375261E}.Debug|x86.ActiveCfg = Debug|Any CPU
		{703AF593-5F3B-4830-8E06-E27ED375261E}.Debug|x86.Build.0 = Debug|Any CPU
		{703AF593-5F3B-4830-8E06-E27ED375261E}.Debug|x86.Deploy.0 = Debug|Any CPU
		{703AF593-5F3B-4830-8E06-E27ED375261E}.Release|Any CPU.ActiveCfg = Release|Any CPU
		{703AF593-5F3B-4830-8E06-E27ED375261E}.Release|Any CPU.Build.0 = Release|Any CPU
		{703AF593-5F3B-4830-8E06-E27ED375261E}.Release|Any CPU.Deploy.0 = Release|Any CPU
		{703AF593-5F3B-4830-8E06-E27ED375261E}.Release|ARM.ActiveCfg = Release|Any CPU
		{703AF593-5F3B-4830-8E06-E27ED375261E}.Release|ARM.Build.0 = Release|Any CPU
		{703AF593-5F3B-4830-8E06-E27ED375261E}.Release|ARM.Deploy.0 = Release|Any CPU
		{703AF593-5F3B-4830-8E06-E27ED375261E}.Release|iPhone.ActiveCfg = Release|Any CPU
		{703AF593-5F3B-4830-8E06-E27ED375261E}.Release|iPhone.Build.0 = Release|Any CPU
		{703AF593-5F3B-4830-8E06-E27ED375261E}.Release|iPhone.Deploy.0 = Release|Any CPU
		{703AF593-5F3B-4830-8E06-E27ED375261E}.Release|iPhoneSimulator.ActiveCfg = Release|Any CPU
		{703AF593-5F3B-4830-8E06-E27ED375261E}.Release|iPhoneSimulator.Build.0 = Release|Any CPU
		{703AF593-5F3B-4830-8E06-E27ED375261E}.Release|iPhoneSimulator.Deploy.0 = Release|Any CPU
		{703AF593-5F3B-4830-8E06-E27ED375261E}.Release|x64.ActiveCfg = Release|Any CPU
		{703AF593-5F3B-4830-8E06-E27ED375261E}.Release|x64.Build.0 = Release|Any CPU
		{703AF593-5F3B-4830-8E06-E27ED375261E}.Release|x64.Deploy.0 = Release|Any CPU
		{703AF593-5F3B-4830-8E06-E27ED375261E}.Release|x86.ActiveCfg = Release|Any CPU
		{703AF593-5F3B-4830-8E06-E27ED375261E}.Release|x86.Build.0 = Release|Any CPU
		{703AF593-5F3B-4830-8E06-E27ED375261E}.Release|x86.Deploy.0 = Release|Any CPU
		{751A515A-4FD6-4828-B5C8-E212F40DD8A7}.Debug|Any CPU.ActiveCfg = Debug|iPhoneSimulator
		{751A515A-4FD6-4828-B5C8-E212F40DD8A7}.Debug|Any CPU.Build.0 = Debug|iPhoneSimulator
		{751A515A-4FD6-4828-B5C8-E212F40DD8A7}.Debug|Any CPU.Deploy.0 = Debug|iPhoneSimulator
		{751A515A-4FD6-4828-B5C8-E212F40DD8A7}.Debug|ARM.ActiveCfg = Debug|iPhoneSimulator
		{751A515A-4FD6-4828-B5C8-E212F40DD8A7}.Debug|ARM.Build.0 = Debug|iPhoneSimulator
		{751A515A-4FD6-4828-B5C8-E212F40DD8A7}.Debug|ARM.Deploy.0 = Debug|iPhoneSimulator
		{751A515A-4FD6-4828-B5C8-E212F40DD8A7}.Debug|iPhone.ActiveCfg = Debug|iPhone
		{751A515A-4FD6-4828-B5C8-E212F40DD8A7}.Debug|iPhone.Build.0 = Debug|iPhone
		{751A515A-4FD6-4828-B5C8-E212F40DD8A7}.Debug|iPhone.Deploy.0 = Debug|iPhone
		{751A515A-4FD6-4828-B5C8-E212F40DD8A7}.Debug|iPhoneSimulator.ActiveCfg = Debug|iPhoneSimulator
		{751A515A-4FD6-4828-B5C8-E212F40DD8A7}.Debug|iPhoneSimulator.Build.0 = Debug|iPhoneSimulator
		{751A515A-4FD6-4828-B5C8-E212F40DD8A7}.Debug|iPhoneSimulator.Deploy.0 = Debug|iPhoneSimulator
		{751A515A-4FD6-4828-B5C8-E212F40DD8A7}.Debug|x64.ActiveCfg = Debug|iPhone
		{751A515A-4FD6-4828-B5C8-E212F40DD8A7}.Debug|x64.Build.0 = Debug|iPhone
		{751A515A-4FD6-4828-B5C8-E212F40DD8A7}.Debug|x64.Deploy.0 = Debug|iPhone
		{751A515A-4FD6-4828-B5C8-E212F40DD8A7}.Debug|x86.ActiveCfg = Debug|iPhoneSimulator
		{751A515A-4FD6-4828-B5C8-E212F40DD8A7}.Debug|x86.Build.0 = Debug|iPhoneSimulator
		{751A515A-4FD6-4828-B5C8-E212F40DD8A7}.Debug|x86.Deploy.0 = Debug|iPhoneSimulator
		{751A515A-4FD6-4828-B5C8-E212F40DD8A7}.Release|Any CPU.ActiveCfg = Release|iPhoneSimulator
		{751A515A-4FD6-4828-B5C8-E212F40DD8A7}.Release|Any CPU.Build.0 = Release|iPhoneSimulator
		{751A515A-4FD6-4828-B5C8-E212F40DD8A7}.Release|Any CPU.Deploy.0 = Release|iPhoneSimulator
		{751A515A-4FD6-4828-B5C8-E212F40DD8A7}.Release|ARM.ActiveCfg = Release|iPhoneSimulator
		{751A515A-4FD6-4828-B5C8-E212F40DD8A7}.Release|ARM.Build.0 = Release|iPhoneSimulator
		{751A515A-4FD6-4828-B5C8-E212F40DD8A7}.Release|ARM.Deploy.0 = Release|iPhoneSimulator
		{751A515A-4FD6-4828-B5C8-E212F40DD8A7}.Release|iPhone.ActiveCfg = Release|iPhone
		{751A515A-4FD6-4828-B5C8-E212F40DD8A7}.Release|iPhone.Build.0 = Release|iPhone
		{751A515A-4FD6-4828-B5C8-E212F40DD8A7}.Release|iPhone.Deploy.0 = Release|iPhone
		{751A515A-4FD6-4828-B5C8-E212F40DD8A7}.Release|iPhoneSimulator.ActiveCfg = Release|iPhoneSimulator
		{751A515A-4FD6-4828-B5C8-E212F40DD8A7}.Release|iPhoneSimulator.Build.0 = Release|iPhoneSimulator
		{751A515A-4FD6-4828-B5C8-E212F40DD8A7}.Release|iPhoneSimulator.Deploy.0 = Release|iPhoneSimulator
		{751A515A-4FD6-4828-B5C8-E212F40DD8A7}.Release|x64.ActiveCfg = Release|iPhoneSimulator
		{751A515A-4FD6-4828-B5C8-E212F40DD8A7}.Release|x64.Build.0 = Release|iPhoneSimulator
		{751A515A-4FD6-4828-B5C8-E212F40DD8A7}.Release|x64.Deploy.0 = Release|iPhoneSimulator
		{751A515A-4FD6-4828-B5C8-E212F40DD8A7}.Release|x86.ActiveCfg = Release|iPhoneSimulator
		{751A515A-4FD6-4828-B5C8-E212F40DD8A7}.Release|x86.Build.0 = Release|iPhoneSimulator
		{751A515A-4FD6-4828-B5C8-E212F40DD8A7}.Release|x86.Deploy.0 = Release|iPhoneSimulator
		{B1707ACA-B1DB-42E8-AE91-87BEE92BF68E}.Debug|Any CPU.ActiveCfg = Debug|Any CPU
		{B1707ACA-B1DB-42E8-AE91-87BEE92BF68E}.Debug|Any CPU.Build.0 = Debug|Any CPU
		{B1707ACA-B1DB-42E8-AE91-87BEE92BF68E}.Debug|Any CPU.Deploy.0 = Debug|Any CPU
		{B1707ACA-B1DB-42E8-AE91-87BEE92BF68E}.Debug|ARM.ActiveCfg = Debug|Any CPU
		{B1707ACA-B1DB-42E8-AE91-87BEE92BF68E}.Debug|ARM.Build.0 = Debug|Any CPU
		{B1707ACA-B1DB-42E8-AE91-87BEE92BF68E}.Debug|ARM.Deploy.0 = Debug|Any CPU
		{B1707ACA-B1DB-42E8-AE91-87BEE92BF68E}.Debug|iPhone.ActiveCfg = Debug|Any CPU
		{B1707ACA-B1DB-42E8-AE91-87BEE92BF68E}.Debug|iPhone.Build.0 = Debug|Any CPU
		{B1707ACA-B1DB-42E8-AE91-87BEE92BF68E}.Debug|iPhone.Deploy.0 = Debug|Any CPU
		{B1707ACA-B1DB-42E8-AE91-87BEE92BF68E}.Debug|iPhoneSimulator.ActiveCfg = Debug|Any CPU
		{B1707ACA-B1DB-42E8-AE91-87BEE92BF68E}.Debug|iPhoneSimulator.Build.0 = Debug|Any CPU
		{B1707ACA-B1DB-42E8-AE91-87BEE92BF68E}.Debug|iPhoneSimulator.Deploy.0 = Debug|Any CPU
		{B1707ACA-B1DB-42E8-AE91-87BEE92BF68E}.Debug|x64.ActiveCfg = Debug|Any CPU
		{B1707ACA-B1DB-42E8-AE91-87BEE92BF68E}.Debug|x64.Build.0 = Debug|Any CPU
		{B1707ACA-B1DB-42E8-AE91-87BEE92BF68E}.Debug|x64.Deploy.0 = Debug|Any CPU
		{B1707ACA-B1DB-42E8-AE91-87BEE92BF68E}.Debug|x86.ActiveCfg = Debug|Any CPU
		{B1707ACA-B1DB-42E8-AE91-87BEE92BF68E}.Debug|x86.Build.0 = Debug|Any CPU
		{B1707ACA-B1DB-42E8-AE91-87BEE92BF68E}.Debug|x86.Deploy.0 = Debug|Any CPU
		{B1707ACA-B1DB-42E8-AE91-87BEE92BF68E}.Release|Any CPU.ActiveCfg = Release|Any CPU
		{B1707ACA-B1DB-42E8-AE91-87BEE92BF68E}.Release|Any CPU.Build.0 = Release|Any CPU
		{B1707ACA-B1DB-42E8-AE91-87BEE92BF68E}.Release|Any CPU.Deploy.0 = Release|Any CPU
		{B1707ACA-B1DB-42E8-AE91-87BEE92BF68E}.Release|ARM.ActiveCfg = Release|Any CPU
		{B1707ACA-B1DB-42E8-AE91-87BEE92BF68E}.Release|ARM.Build.0 = Release|Any CPU
		{B1707ACA-B1DB-42E8-AE91-87BEE92BF68E}.Release|ARM.Deploy.0 = Release|Any CPU
		{B1707ACA-B1DB-42E8-AE91-87BEE92BF68E}.Release|iPhone.ActiveCfg = Release|Any CPU
		{B1707ACA-B1DB-42E8-AE91-87BEE92BF68E}.Release|iPhone.Build.0 = Release|Any CPU
		{B1707ACA-B1DB-42E8-AE91-87BEE92BF68E}.Release|iPhone.Deploy.0 = Release|Any CPU
		{B1707ACA-B1DB-42E8-AE91-87BEE92BF68E}.Release|iPhoneSimulator.ActiveCfg = Release|Any CPU
		{B1707ACA-B1DB-42E8-AE91-87BEE92BF68E}.Release|iPhoneSimulator.Build.0 = Release|Any CPU
		{B1707ACA-B1DB-42E8-AE91-87BEE92BF68E}.Release|iPhoneSimulator.Deploy.0 = Release|Any CPU
		{B1707ACA-B1DB-42E8-AE91-87BEE92BF68E}.Release|x64.ActiveCfg = Release|Any CPU
		{B1707ACA-B1DB-42E8-AE91-87BEE92BF68E}.Release|x64.Build.0 = Release|Any CPU
		{B1707ACA-B1DB-42E8-AE91-87BEE92BF68E}.Release|x64.Deploy.0 = Release|Any CPU
		{B1707ACA-B1DB-42E8-AE91-87BEE92BF68E}.Release|x86.ActiveCfg = Release|Any CPU
		{B1707ACA-B1DB-42E8-AE91-87BEE92BF68E}.Release|x86.Build.0 = Release|Any CPU
		{B1707ACA-B1DB-42E8-AE91-87BEE92BF68E}.Release|x86.Deploy.0 = Release|Any CPU
	EndGlobalSection
	GlobalSection(SolutionProperties) = preSolution
		HideSolutionNode = FALSE
	EndGlobalSection
	GlobalSection(ExtensibilityGlobals) = postSolution
		SolutionGuid = {37117358-CCE5-41F6-AC40-2FCCC0F56AA9}
	EndGlobalSection
EndGlobal
